
Microsoft Visual Studio Solution File, Format Version 12.00
# Visual Studio 15
VisualStudioVersion = 15.0.27703.2047
MinimumVisualStudioVersion = 10.0.40219.1
Project("{FAE04EC0-301F-11D3-BF4B-00C04F79EFBC}") = "ModelBinderLab", "ModelBinderLab\ModelBinderLab.csproj", "{70670D7A-C762-4E03-A91F-CFB15DBC8DEE}"
EndProject
Global
	GlobalSection(SolutionConfigurationPlatforms) = preSolution
		Debug|Any CPU = Debug|Any CPU
		Release|Any CPU = Release|Any CPU
	EndGlobalSection
	GlobalSection(ProjectConfigurationPlatforms) = postSolution
		{70670D7A-C762-4E03-A91F-CFB15DBC8DEE}.Debug|Any CPU.ActiveCfg = Debug|Any CPU
		{70670D7A-C762-4E03-A91F-CFB15DBC8DEE}.Debug|Any CPU.Build.0 = Debug|Any CPU
		{70670D7A-C762-4E03-A91F-CFB15DBC8DEE}.Release|Any CPU.ActiveCfg = Release|Any CPU
		{70670D7A-C762-4E03-A91F-CFB15DBC8DEE}.Release|Any CPU.Build.0 = Release|Any CPU
	EndGlobalSection
	GlobalSection(SolutionProperties) = preSolution
		HideSolutionNode = FALSE
	EndGlobalSection
	GlobalSection(ExtensibilityGlobals) = postSolution
		SolutionGuid = {549C56C1-8290-4AA5-98B8-439C6343E2BC}
	EndGlobalSection
EndGlobal
