
Microsoft Visual Studio Solution File, Format Version 12.00
# Visual Studio 15
VisualStudioVersion = 15.0.27703.2042
MinimumVisualStudioVersion = 10.0.40219.1
Project("{FAE04EC0-301F-11D3-BF4B-00C04F79EFBC}") = "DependencyInjection", "DependencyInjection\DependencyInjection.csproj", "{041B2F7B-A4CC-4131-A188-9D46B06C450A}"
EndProject
Global
	GlobalSection(SolutionConfigurationPlatforms) = preSolution
		Debug|Any CPU = Debug|Any CPU
		Release|Any CPU = Release|Any CPU
	EndGlobalSection
	GlobalSection(ProjectConfigurationPlatforms) = postSolution
		{041B2F7B-A4CC-4131-A188-9D46B06C450A}.Debug|Any CPU.ActiveCfg = Debug|Any CPU
		{041B2F7B-A4CC-4131-A188-9D46B06C450A}.Debug|Any CPU.Build.0 = Debug|Any CPU
		{041B2F7B-A4CC-4131-A188-9D46B06C450A}.Release|Any CPU.ActiveCfg = Release|Any CPU
		{041B2F7B-A4CC-4131-A188-9D46B06C450A}.Release|Any CPU.Build.0 = Release|Any CPU
	EndGlobalSection
	GlobalSection(SolutionProperties) = preSolution
		HideSolutionNode = FALSE
	EndGlobalSection
	GlobalSection(ExtensibilityGlobals) = postSolution
		SolutionGuid = {4F892D05-BD5F-438A-9E19-3D86E6A6F1A3}
	EndGlobalSection
EndGlobal
