
Microsoft Visual Studio Solution File, Format Version 12.00
# Visual Studio Version 16
VisualStudioVersion = 16.0.29905.134
MinimumVisualStudioVersion = 10.0.40219.1
Project("{FAE04EC0-301F-11D3-BF4B-00C04F79EFBC}") = "UsingIdentity", "UsingIdentity\UsingIdentity.csproj", "{76D1CE5F-C8FA-4ABD-AA79-8B5883AC1959}"
EndProject
Global
	GlobalSection(SolutionConfigurationPlatforms) = preSolution
		Debug|Any CPU = Debug|Any CPU
		Release|Any CPU = Release|Any CPU
	EndGlobalSection
	GlobalSection(ProjectConfigurationPlatforms) = postSolution
		{76D1CE5F-C8FA-4ABD-AA79-8B5883AC1959}.Debug|Any CPU.ActiveCfg = Debug|Any CPU
		{76D1CE5F-C8FA-4ABD-AA79-8B5883AC1959}.Debug|Any CPU.Build.0 = Debug|Any CPU
		{76D1CE5F-C8FA-4ABD-AA79-8B5883AC1959}.Release|Any CPU.ActiveCfg = Release|Any CPU
		{76D1CE5F-C8FA-4ABD-AA79-8B5883AC1959}.Release|Any CPU.Build.0 = Release|Any CPU
	EndGlobalSection
	GlobalSection(SolutionProperties) = preSolution
		HideSolutionNode = FALSE
	EndGlobalSection
	GlobalSection(ExtensibilityGlobals) = postSolution
		SolutionGuid = {679ED8C9-E409-49BD-B8DF-2E56F127C114}
	EndGlobalSection
EndGlobal
