
Microsoft Visual Studio Solution File, Format Version 12.00
# Visual Studio 15
VisualStudioVersion = 15.0.27703.2047
MinimumVisualStudioVersion = 10.0.40219.1
Project("{FAE04EC0-301F-11D3-BF4B-00C04F79EFBC}") = "ValidationAttributesLab", "ValidationAttributesLab\ValidationAttributesLab.csproj", "{B0947DAD-C3F4-4CF9-8044-6EAC236AAF3A}"
EndProject
Global
	GlobalSection(SolutionConfigurationPlatforms) = preSolution
		Debug|Any CPU = Debug|Any CPU
		Release|Any CPU = Release|Any CPU
	EndGlobalSection
	GlobalSection(ProjectConfigurationPlatforms) = postSolution
		{B0947DAD-C3F4-4CF9-8044-6EAC236AAF3A}.Debug|Any CPU.ActiveCfg = Debug|Any CPU
		{B0947DAD-C3F4-4CF9-8044-6EAC236AAF3A}.Debug|Any CPU.Build.0 = Debug|Any CPU
		{B0947DAD-C3F4-4CF9-8044-6EAC236AAF3A}.Release|Any CPU.ActiveCfg = Release|Any CPU
		{B0947DAD-C3F4-4CF9-8044-6EAC236AAF3A}.Release|Any CPU.Build.0 = Release|Any CPU
	EndGlobalSection
	GlobalSection(SolutionProperties) = preSolution
		HideSolutionNode = FALSE
	EndGlobalSection
	GlobalSection(ExtensibilityGlobals) = postSolution
		SolutionGuid = {C5D43DAF-BF30-43A2-BA34-10F0D30D2729}
	EndGlobalSection
EndGlobal
