
Microsoft Visual Studio Solution File, Format Version 12.00
# Visual Studio 15
VisualStudioVersion = 15.0.27703.2047
MinimumVisualStudioVersion = 10.0.40219.1
Project("{FAE04EC0-301F-11D3-BF4B-00C04F79EFBC}") = "MoviesDemo", "MoviesDemo\MoviesDemo.csproj", "{5DD2BF8C-BA34-4F34-B680-A72EF5AB8BE2}"
EndProject
Global
	GlobalSection(SolutionConfigurationPlatforms) = preSolution
		Debug|Any CPU = Debug|Any CPU
		Release|Any CPU = Release|Any CPU
	EndGlobalSection
	GlobalSection(ProjectConfigurationPlatforms) = postSolution
		{5DD2BF8C-BA34-4F34-B680-A72EF5AB8BE2}.Debug|Any CPU.ActiveCfg = Debug|Any CPU
		{5DD2BF8C-BA34-4F34-B680-A72EF5AB8BE2}.Debug|Any CPU.Build.0 = Debug|Any CPU
		{5DD2BF8C-BA34-4F34-B680-A72EF5AB8BE2}.Release|Any CPU.ActiveCfg = Release|Any CPU
		{5DD2BF8C-BA34-4F34-B680-A72EF5AB8BE2}.Release|Any CPU.Build.0 = Release|Any CPU
	EndGlobalSection
	GlobalSection(SolutionProperties) = preSolution
		HideSolutionNode = FALSE
	EndGlobalSection
	GlobalSection(ExtensibilityGlobals) = postSolution
		SolutionGuid = {5796CB42-3EF7-4642-B30E-5E5C7AB60C7B}
	EndGlobalSection
EndGlobal
